{
  "version": 4,
  "terraform_version": "1.8.4",
  "serial": 2,
  "lineage": "219c18dc-8ce6-e452-1c8d-5674e1d76505",
  "outputs": {
    "vpc_id": {
      "value": "vpc-0de135cef1747a10d",
      "type": "string"
    }
  },
  "resources": [
    {
      "module": "module.vpc",
      "mode": "managed",
      "type": "aws_vpc",
      "name": "main",
      "provider": "provider[\"registry.terraform.io/hashicorp/aws\"].dev",
      "instances": [
        {
          "schema_version": 1,
          "attributes": {
            "arn": "arn:aws:ec2:ap-south-1:590184002190:vpc/vpc-0de135cef1747a10d",
            "assign_generated_ipv6_cidr_block": false,
            "cidr_block": "10.1.0.0/16",
            "default_network_acl_id": "acl-068b4c48bdf1678de",
            "default_route_table_id": "rtb-02fb4a7dc7120e7ad",
            "default_security_group_id": "sg-0e80917da74bb5c4a",
            "dhcp_options_id": "dopt-0fb17c1e6159a9f11",
            "enable_dns_hostnames": false,
            "enable_dns_support": true,
            "enable_network_address_usage_metrics": false,
            "id": "vpc-0de135cef1747a10d",
            "instance_tenancy": "default",
            "ipv4_ipam_pool_id": null,
            "ipv4_netmask_length": null,
            "ipv6_association_id": "",
            "ipv6_cidr_block": "",
            "ipv6_cidr_block_network_border_group": "",
            "ipv6_ipam_pool_id": "",
            "ipv6_netmask_length": 0,
            "main_route_table_id": "rtb-02fb4a7dc7120e7ad",
            "owner_id": "590184002190",
            "tags": {
              "Name": "uat-vpc"
            },
            "tags_all": {
              "Name": "uat-vpc"
            }
          },
          "sensitive_attributes": [],
          "private": "eyJzY2hlbWFfdmVyc2lvbiI6IjEifQ=="
        }
      ]
    }
  ],
  "check_results": null
}
