{
  "version": 4,
  "terraform_version": "1.8.4",
  "serial": 2,
  "lineage": "4dd4d50d-4eb3-72b0-0206-04f43c337678",
  "outputs": {
    "vpc_id": {
      "value": "vpc-0f0a395a0e0c89f6e",
      "type": "string"
    }
  },
  "resources": [
    {
      "module": "module.vpc",
      "mode": "managed",
      "type": "aws_vpc",
      "name": "main",
      "provider": "provider[\"registry.terraform.io/hashicorp/aws\"].dev",
      "instances": [
        {
          "schema_version": 1,
          "attributes": {
            "arn": "arn:aws:ec2:ap-south-1:590184002190:vpc/vpc-0f0a395a0e0c89f6e",
            "assign_generated_ipv6_cidr_block": false,
            "cidr_block": "10.2.0.0/16",
            "default_network_acl_id": "acl-021579ddbe1e33f91",
            "default_route_table_id": "rtb-0d2e2e651a2f37985",
            "default_security_group_id": "sg-0aa224f9487e5bc2a",
            "dhcp_options_id": "dopt-0fb17c1e6159a9f11",
            "enable_dns_hostnames": false,
            "enable_dns_support": true,
            "enable_network_address_usage_metrics": false,
            "id": "vpc-0f0a395a0e0c89f6e",
            "instance_tenancy": "default",
            "ipv4_ipam_pool_id": null,
            "ipv4_netmask_length": null,
            "ipv6_association_id": "",
            "ipv6_cidr_block": "",
            "ipv6_cidr_block_network_border_group": "",
            "ipv6_ipam_pool_id": "",
            "ipv6_netmask_length": 0,
            "main_route_table_id": "rtb-0d2e2e651a2f37985",
            "owner_id": "590184002190",
            "tags": {
              "Name": "prod-vpc"
            },
            "tags_all": {
              "Name": "prod-vpc"
            }
          },
          "sensitive_attributes": [],
          "private": "eyJzY2hlbWFfdmVyc2lvbiI6IjEifQ=="
        }
      ]
    }
  ],
  "check_results": null
}
